// !$*UTF8*$!
{
	archiveVersion = 1;
	classes = {
	};
	objectVersion = 63;
	objects = {

/* Begin PBXBuildFile section */
		51D02CAD2CC14D4600EC298E /* ProductDetailViewController.swift in Sources */ = {isa = PBXBuildFile; fileRef = 51D02CAC2CC14D3B00EC298E /* ProductDetailViewController.swift */; };
		FA4E53F22CB62D4C001F5ABD /* ProductTableViewCell.xib in Resources */ = {isa = PBXBuildFile; fileRef = FA4E53E42CB62D4C001F5ABD /* ProductTableViewCell.xib */; };
		FA4E53F32CB62D4C001F5ABD /* Assets.xcassets in Resources */ = {isa = PBXBuildFile; fileRef = FA4E53EA2CB62D4C001F5ABD /* Assets.xcassets */; };
		FA4E53F52CB62D4C001F5ABD /* LaunchScreen.storyboard in Resources */ = {isa = PBXBuildFile; fileRef = FA4E53ED2CB62D4C001F5ABD /* LaunchScreen.storyboard */; };
		FA4E53F62CB62D4C001F5ABD /* Main.storyboard in Resources */ = {isa = PBXBuildFile; fileRef = FA4E53EF2CB62D4C001F5ABD /* Main.storyboard */; };
		FA4E53F72CB62D4C001F5ABD /* ProductModel.swift in Sources */ = {isa = PBXBuildFile; fileRef = FA4E53DD2CB62D4C001F5ABD /* ProductModel.swift */; };
		FA4E53F82CB62D4C001F5ABD /* AddProductViewController.swift in Sources */ = {isa = PBXBuildFile; fileRef = FA4E53DF2CB62D4C001F5ABD /* AddProductViewController.swift */; };
		FA4E53F92CB62D4C001F5ABD /* LoginViewController.swift in Sources */ = {isa = PBXBuildFile; fileRef = FA4E53E12CB62D4C001F5ABD /* LoginViewController.swift */; };
		FA4E53FA2CB62D4C001F5ABD /* ProductTableViewCell.swift in Sources */ = {isa = PBXBuildFile; fileRef = FA4E53E32CB62D4C001F5ABD /* ProductTableViewCell.swift */; };
		FA4E53FB2CB62D4C001F5ABD /* MainViewController.swift in Sources */ = {isa = PBXBuildFile; fileRef = FA4E53E62CB62D4C001F5ABD /* MainViewController.swift */; };
		FA4E53FC2CB62D4C001F5ABD /* AppDelegate.swift in Sources */ = {isa = PBXBuildFile; fileRef = FA4E53E92CB62D4C001F5ABD /* AppDelegate.swift */; };
		FA4E53FD2CB62D4C001F5ABD /* SceneDelegate.swift in Sources */ = {isa = PBXBuildFile; fileRef = FA4E53F02CB62D4C001F5ABD /* SceneDelegate.swift */; };
		FA4E54002CB62D61001F5ABD /* APIDataSource.swift in Sources */ = {isa = PBXBuildFile; fileRef = FA4E53FF2CB62D61001F5ABD /* APIDataSource.swift */; };
		FA4E54022CB62DAE001F5ABD /* LoginResponse.swift in Sources */ = {isa = PBXBuildFile; fileRef = FA4E54012CB62DAE001F5ABD /* LoginResponse.swift */; };
		FA4E54042CB62DD5001F5ABD /* LoginController.swift in Sources */ = {isa = PBXBuildFile; fileRef = FA4E54032CB62DD5001F5ABD /* LoginController.swift */; };
		FA4E54062CB641AD001F5ABD /* MainController.swift in Sources */ = {isa = PBXBuildFile; fileRef = FA4E54052CB641AD001F5ABD /* MainController.swift */; };
		FABFFD882CB786C30037CC0C /* AddProductController.swift in Sources */ = {isa = PBXBuildFile; fileRef = FABFFD872CB786C30037CC0C /* AddProductController.swift */; };
/* End PBXBuildFile section */

/* Begin PBXFileReference section */
		51D02CAC2CC14D3B00EC298E /* ProductDetailViewController.swift */ = {isa = PBXFileReference; lastKnownFileType = sourcecode.swift; path = ProductDetailViewController.swift; sourceTree = "<group>"; };
		FA4E53DD2CB62D4C001F5ABD /* ProductModel.swift */ = {isa = PBXFileReference; lastKnownFileType = sourcecode.swift; path = ProductModel.swift; sourceTree = "<group>"; };
		FA4E53DF2CB62D4C001F5ABD /* AddProductViewController.swift */ = {isa = PBXFileReference; lastKnownFileType = sourcecode.swift; path = AddProductViewController.swift; sourceTree = "<group>"; };
		FA4E53E12CB62D4C001F5ABD /* LoginViewController.swift */ = {isa = PBXFileReference; lastKnownFileType = sourcecode.swift; path = LoginViewController.swift; sourceTree = "<group>"; };
		FA4E53E32CB62D4C001F5ABD /* ProductTableViewCell.swift */ = {isa = PBXFileReference; lastKnownFileType = sourcecode.swift; path = ProductTableViewCell.swift; sourceTree = "<group>"; };
		FA4E53E42CB62D4C001F5ABD /* ProductTableViewCell.xib */ = {isa = PBXFileReference; lastKnownFileType = file.xib; path = ProductTableViewCell.xib; sourceTree = "<group>"; };
		FA4E53E62CB62D4C001F5ABD /* MainViewController.swift */ = {isa = PBXFileReference; lastKnownFileType = sourcecode.swift; path = MainViewController.swift; sourceTree = "<group>"; };
		FA4E53E92CB62D4C001F5ABD /* AppDelegate.swift */ = {isa = PBXFileReference; lastKnownFileType = sourcecode.swift; path = AppDelegate.swift; sourceTree = "<group>"; };
		FA4E53EA2CB62D4C001F5ABD /* Assets.xcassets */ = {isa = PBXFileReference; lastKnownFileType = folder.assetcatalog; path = Assets.xcassets; sourceTree = "<group>"; };
		FA4E53EB2CB62D4C001F5ABD /* Info.plist */ = {isa = PBXFileReference; lastKnownFileType = text.plist.xml; path = Info.plist; sourceTree = "<group>"; };
		FA4E53EC2CB62D4C001F5ABD /* Base */ = {isa = PBXFileReference; lastKnownFileType = file.storyboard; name = Base; path = Base.lproj/LaunchScreen.storyboard; sourceTree = "<group>"; };
		FA4E53EE2CB62D4C001F5ABD /* Base */ = {isa = PBXFileReference; lastKnownFileType = file.storyboard; name = Base; path = Base.lproj/Main.storyboard; sourceTree = "<group>"; };
		FA4E53F02CB62D4C001F5ABD /* SceneDelegate.swift */ = {isa = PBXFileReference; lastKnownFileType = sourcecode.swift; path = SceneDelegate.swift; sourceTree = "<group>"; };
		FA4E53FF2CB62D61001F5ABD /* APIDataSource.swift */ = {isa = PBXFileReference; lastKnownFileType = sourcecode.swift; path = APIDataSource.swift; sourceTree = "<group>"; };
		FA4E54012CB62DAE001F5ABD /* LoginResponse.swift */ = {isa = PBXFileReference; lastKnownFileType = sourcecode.swift; path = LoginResponse.swift; sourceTree = "<group>"; };
		FA4E54032CB62DD5001F5ABD /* LoginController.swift */ = {isa = PBXFileReference; lastKnownFileType = sourcecode.swift; path = LoginController.swift; sourceTree = "<group>"; };
		FA4E54052CB641AD001F5ABD /* MainController.swift */ = {isa = PBXFileReference; lastKnownFileType = sourcecode.swift; path = MainController.swift; sourceTree = "<group>"; };
		FA924AA52CAF8F5B008727A6 /* APIAppUAMExample.app */ = {isa = PBXFileReference; explicitFileType = wrapper.application; includeInIndex = 0; path = APIAppUAMExample.app; sourceTree = BUILT_PRODUCTS_DIR; };
		FABFFD872CB786C30037CC0C /* AddProductController.swift */ = {isa = PBXFileReference; lastKnownFileType = sourcecode.swift; path = AddProductController.swift; sourceTree = "<group>"; };
/* End PBXFileReference section */

/* Begin PBXFrameworksBuildPhase section */
		FA924AA22CAF8F5B008727A6 /* Frameworks */ = {
			isa = PBXFrameworksBuildPhase;
			buildActionMask = 2147483647;
			files = (
			);
			runOnlyForDeploymentPostprocessing = 0;
		};
/* End PBXFrameworksBuildPhase section */

/* Begin PBXGroup section */
		51D02CAB2CC146A400EC298E /* SingleProductView  */ = {
			isa = PBXGroup;
			children = (
				51D02CAC2CC14D3B00EC298E /* ProductDetailViewController.swift */,
			);
			path = "SingleProductView ";
			sourceTree = "<group>";
		};
		639647BD2CD53380005617F2 /* Resourcess */ = {
			isa = PBXGroup;
			children = (
				FA4E53EA2CB62D4C001F5ABD /* Assets.xcassets */,
			);
			path = Resourcess;
			sourceTree = "<group>";
		};
		FA4E53DE2CB62D4C001F5ABD /* Models */ = {
			isa = PBXGroup;
			children = (
				FA4E53DD2CB62D4C001F5ABD /* ProductModel.swift */,
				FA4E54012CB62DAE001F5ABD /* LoginResponse.swift */,
			);
			path = Models;
			sourceTree = "<group>";
		};
		FA4E53E02CB62D4C001F5ABD /* AddProductView */ = {
			isa = PBXGroup;
			children = (
				FA4E53DF2CB62D4C001F5ABD /* AddProductViewController.swift */,
				FABFFD872CB786C30037CC0C /* AddProductController.swift */,
			);
			path = AddProductView;
			sourceTree = "<group>";
		};
		FA4E53E22CB62D4C001F5ABD /* LogingView */ = {
			isa = PBXGroup;
			children = (
				FA4E53E12CB62D4C001F5ABD /* LoginViewController.swift */,
				FA4E54032CB62DD5001F5ABD /* LoginController.swift */,
			);
			path = LogingView;
			sourceTree = "<group>";
		};
		FA4E53E52CB62D4C001F5ABD /* Cells */ = {
			isa = PBXGroup;
			children = (
				FA4E53E32CB62D4C001F5ABD /* ProductTableViewCell.swift */,
				FA4E53E42CB62D4C001F5ABD /* ProductTableViewCell.xib */,
			);
			path = Cells;
			sourceTree = "<group>";
		};
		FA4E53E72CB62D4C001F5ABD /* MainView */ = {
			isa = PBXGroup;
			children = (
				FA4E53E52CB62D4C001F5ABD /* Cells */,
				FA4E53E62CB62D4C001F5ABD /* MainViewController.swift */,
				FA4E54052CB641AD001F5ABD /* MainController.swift */,
			);
			path = MainView;
			sourceTree = "<group>";
		};
		FA4E53E82CB62D4C001F5ABD /* Views */ = {
			isa = PBXGroup;
			children = (
				51D02CAB2CC146A400EC298E /* SingleProductView  */,
				FA4E53E02CB62D4C001F5ABD /* AddProductView */,
				FA4E53E22CB62D4C001F5ABD /* LogingView */,
				FA4E53E72CB62D4C001F5ABD /* MainView */,
			);
			path = Views;
			sourceTree = "<group>";
		};
		FA4E53F12CB62D4C001F5ABD /* APIAppUAMExample */ = {
			isa = PBXGroup;
			children = (
				639647BD2CD53380005617F2 /* Resourcess */,
				FA4E53FE2CB62D53001F5ABD /* Networking */,
				FA4E53DE2CB62D4C001F5ABD /* Models */,
				FA4E53E82CB62D4C001F5ABD /* Views */,
				FA4E53E92CB62D4C001F5ABD /* AppDelegate.swift */,
				FA4E53EB2CB62D4C001F5ABD /* Info.plist */,
				FA4E53ED2CB62D4C001F5ABD /* LaunchScreen.storyboard */,
				FA4E53EF2CB62D4C001F5ABD /* Main.storyboard */,
				FA4E53F02CB62D4C001F5ABD /* SceneDelegate.swift */,
			);
			path = APIAppUAMExample;
			sourceTree = "<group>";
		};
		FA4E53FE2CB62D53001F5ABD /* Networking */ = {
			isa = PBXGroup;
			children = (
				FA4E53FF2CB62D61001F5ABD /* APIDataSource.swift */,
			);
			path = Networking;
			sourceTree = "<group>";
		};
		FA924A9C2CAF8F5B008727A6 = {
			isa = PBXGroup;
			children = (
				FA4E53F12CB62D4C001F5ABD /* APIAppUAMExample */,
				FA924AA62CAF8F5B008727A6 /* Products */,
			);
			sourceTree = "<group>";
		};
		FA924AA62CAF8F5B008727A6 /* Products */ = {
			isa = PBXGroup;
			children = (
				FA924AA52CAF8F5B008727A6 /* APIAppUAMExample.app */,
			);
			name = Products;
			sourceTree = "<group>";
		};
/* End PBXGroup section */

/* Begin PBXNativeTarget section */
		FA924AA42CAF8F5B008727A6 /* APIAppUAMExample */ = {
			isa = PBXNativeTarget;
			buildConfigurationList = FA924AB82CAF8F5D008727A6 /* Build configuration list for PBXNativeTarget "APIAppUAMExample" */;
			buildPhases = (
				FA924AA12CAF8F5B008727A6 /* Sources */,
				FA924AA22CAF8F5B008727A6 /* Frameworks */,
				FA924AA32CAF8F5B008727A6 /* Resources */,
			);
			buildRules = (
			);
			dependencies = (
			);
			name = APIAppUAMExample;
			packageProductDependencies = (
			);
			productName = APIAppUAMExample;
			productReference = FA924AA52CAF8F5B008727A6 /* APIAppUAMExample.app */;
			productType = "com.apple.product-type.application";
		};
/* End PBXNativeTarget section */

/* Begin PBXProject section */
		FA924A9D2CAF8F5B008727A6 /* Project object */ = {
			isa = PBXProject;
			attributes = {
				BuildIndependentTargetsInParallel = 1;
				LastSwiftUpdateCheck = 1600;
				LastUpgradeCheck = 1600;
				TargetAttributes = {
					FA924AA42CAF8F5B008727A6 = {
						CreatedOnToolsVersion = 16.0;
					};
				};
			};
			buildConfigurationList = FA924AA02CAF8F5B008727A6 /* Build configuration list for PBXProject "APIAppUAMExample" */;
			compatibilityVersion = "Xcode 13.0";
			developmentRegion = en;
			hasScannedForEncodings = 0;
			knownRegions = (
				en,
				Base,
			);
			mainGroup = FA924A9C2CAF8F5B008727A6;
			minimizedProjectReferenceProxies = 1;
			productRefGroup = FA924AA62CAF8F5B008727A6 /* Products */;
			projectDirPath = "";
			projectRoot = "";
			targets = (
				FA924AA42CAF8F5B008727A6 /* APIAppUAMExample */,
			);
		};
/* End PBXProject section */

/* Begin PBXResourcesBuildPhase section */
		FA924AA32CAF8F5B008727A6 /* Resources */ = {
			isa = PBXResourcesBuildPhase;
			buildActionMask = 2147483647;
			files = (
				FA4E53F22CB62D4C001F5ABD /* ProductTableViewCell.xib in Resources */,
				FA4E53F32CB62D4C001F5ABD /* Assets.xcassets in Resources */,
				FA4E53F52CB62D4C001F5ABD /* LaunchScreen.storyboard in Resources */,
				FA4E53F62CB62D4C001F5ABD /* Main.storyboard in Resources */,
			);
			runOnlyForDeploymentPostprocessing = 0;
		};
/* End PBXResourcesBuildPhase section */

/* Begin PBXSourcesBuildPhase section */
		FA924AA12CAF8F5B008727A6 /* Sources */ = {
			isa = PBXSourcesBuildPhase;
			buildActionMask = 2147483647;
			files = (
				FA4E53F72CB62D4C001F5ABD /* ProductModel.swift in Sources */,
				FA4E53F82CB62D4C001F5ABD /* AddProductViewController.swift in Sources */,
				FA4E54022CB62DAE001F5ABD /* LoginResponse.swift in Sources */,
				FA4E53F92CB62D4C001F5ABD /* LoginViewController.swift in Sources */,
				51D02CAD2CC14D4600EC298E /* ProductDetailViewController.swift in Sources */,
				FA4E54002CB62D61001F5ABD /* APIDataSource.swift in Sources */,
				FA4E53FA2CB62D4C001F5ABD /* ProductTableViewCell.swift in Sources */,
				FA4E53FB2CB62D4C001F5ABD /* MainViewController.swift in Sources */,
				FA4E54062CB641AD001F5ABD /* MainController.swift in Sources */,
				FA4E53FC2CB62D4C001F5ABD /* AppDelegate.swift in Sources */,
				FA4E53FD2CB62D4C001F5ABD /* SceneDelegate.swift in Sources */,
				FA4E54042CB62DD5001F5ABD /* LoginController.swift in Sources */,
				FABFFD882CB786C30037CC0C /* AddProductController.swift in Sources */,
			);
			runOnlyForDeploymentPostprocessing = 0;
		};
/* End PBXSourcesBuildPhase section */

/* Begin PBXVariantGroup section */
		FA4E53ED2CB62D4C001F5ABD /* LaunchScreen.storyboard */ = {
			isa = PBXVariantGroup;
			children = (
				FA4E53EC2CB62D4C001F5ABD /* Base */,
			);
			name = LaunchScreen.storyboard;
			sourceTree = "<group>";
		};
		FA4E53EF2CB62D4C001F5ABD /* Main.storyboard */ = {
			isa = PBXVariantGroup;
			children = (
				FA4E53EE2CB62D4C001F5ABD /* Base */,
			);
			name = Main.storyboard;
			sourceTree = "<group>";
		};
/* End PBXVariantGroup section */

/* Begin XCBuildConfiguration section */
		FA924AB92CAF8F5D008727A6 /* Debug */ = {
			isa = XCBuildConfiguration;
			buildSettings = {
				ASSETCATALOG_COMPILER_APPICON_NAME = AppIcon;
				ASSETCATALOG_COMPILER_GLOBAL_ACCENT_COLOR_NAME = AccentColor;
				CODE_SIGN_STYLE = Automatic;
				CURRENT_PROJECT_VERSION = 1;
				DEVELOPMENT_TEAM = TVDHZXRW9C;
				GENERATE_INFOPLIST_FILE = YES;
				INFOPLIST_FILE = APIAppUAMExample/Info.plist;
				INFOPLIST_KEY_CFBundleDisplayName = "API UAM";
				INFOPLIST_KEY_UIApplicationSupportsIndirectInputEvents = YES;
				INFOPLIST_KEY_UILaunchStoryboardName = LaunchScreen;
				INFOPLIST_KEY_UIMainStoryboardFile = Main;
				INFOPLIST_KEY_UISupportedInterfaceOrientations = UIInterfaceOrientationPortrait;
				IPHONEOS_DEPLOYMENT_TARGET = 16.6;
				LD_RUNPATH_SEARCH_PATHS = (
					"$(inherited)",
					"@executable_path/Frameworks",
				);
				MARKETING_VERSION = 1.0;
				PRODUCT_BUNDLE_IDENTIFIER = com.cesarbaltodano.APIAppUAMExample;
				PRODUCT_NAME = "$(TARGET_NAME)";
				SUPPORTED_PLATFORMS = "iphoneos iphonesimulator";
				SUPPORTS_MACCATALYST = NO;
				SUPPORTS_MAC_DESIGNED_FOR_IPHONE_IPAD = NO;
				SUPPORTS_XR_DESIGNED_FOR_IPHONE_IPAD = NO;
				SWIFT_EMIT_LOC_STRINGS = YES;
				SWIFT_VERSION = 5.0;
				TARGETED_DEVICE_FAMILY = "1,2";
			};
			name = Debug;
		};
		FA924ABA2CAF8F5D008727A6 /* Release */ = {
			isa = XCBuildConfiguration;
			buildSettings = {
				ASSETCATALOG_COMPILER_APPICON_NAME = AppIcon;
				ASSETCATALOG_COMPILER_GLOBAL_ACCENT_COLOR_NAME = AccentColor;
				CODE_SIGN_STYLE = Automatic;
				CURRENT_PROJECT_VERSION = 1;
				DEVELOPMENT_TEAM = TVDHZXRW9C;
				GENERATE_INFOPLIST_FILE = YES;
				INFOPLIST_FILE = APIAppUAMExample/Info.plist;
				INFOPLIST_KEY_CFBundleDisplayName = "API UAM";
				INFOPLIST_KEY_UIApplicationSupportsIndirectInputEvents = YES;
				INFOPLIST_KEY_UILaunchStoryboardName = LaunchScreen;
				INFOPLIST_KEY_UIMainStoryboardFile = Main;
				INFOPLIST_KEY_UISupportedInterfaceOrientations = UIInterfaceOrientationPortrait;
				IPHONEOS_DEPLOYMENT_TARGET = 16.6;
				LD_RUNPATH_SEARCH_PATHS = (
					"$(inherited)",
					"@executable_path/Frameworks",
				);
				MARKETING_VERSION = 1.0;
				PRODUCT_BUNDLE_IDENTIFIER = com.cesarbaltodano.APIAppUAMExample;
				PRODUCT_NAME = "$(TARGET_NAME)";
				SUPPORTED_PLATFORMS = "iphoneos iphonesimulator";
				SUPPORTS_MACCATALYST = NO;
				SUPPORTS_MAC_DESIGNED_FOR_IPHONE_IPAD = NO;
				SUPPORTS_XR_DESIGNED_FOR_IPHONE_IPAD = NO;
				SWIFT_EMIT_LOC_STRINGS = YES;
				SWIFT_VERSION = 5.0;
				TARGETED_DEVICE_FAMILY = "1,2";
			};
			name = Release;
		};
		FA924ABB2CAF8F5D008727A6 /* Debug */ = {
			isa = XCBuildConfiguration;
			buildSettings = {
				ALWAYS_SEARCH_USER_PATHS = NO;
				ASSETCATALOG_COMPILER_GENERATE_SWIFT_ASSET_SYMBOL_EXTENSIONS = YES;
				CLANG_ANALYZER_NONNULL = YES;
				CLANG_ANALYZER_NUMBER_OBJECT_CONVERSION = YES_AGGRESSIVE;
				CLANG_CXX_LANGUAGE_STANDARD = "gnu++20";
				CLANG_ENABLE_MODULES = YES;
				CLANG_ENABLE_OBJC_ARC = YES;
				CLANG_ENABLE_OBJC_WEAK = YES;
				CLANG_WARN_BLOCK_CAPTURE_AUTORELEASING = YES;
				CLANG_WARN_BOOL_CONVERSION = YES;
				CLANG_WARN_COMMA = YES;
				CLANG_WARN_CONSTANT_CONVERSION = YES;
				CLANG_WARN_DEPRECATED_OBJC_IMPLEMENTATIONS = YES;
				CLANG_WARN_DIRECT_OBJC_ISA_USAGE = YES_ERROR;
				CLANG_WARN_DOCUMENTATION_COMMENTS = YES;
				CLANG_WARN_EMPTY_BODY = YES;
				CLANG_WARN_ENUM_CONVERSION = YES;
				CLANG_WARN_INFINITE_RECURSION = YES;
				CLANG_WARN_INT_CONVERSION = YES;
				CLANG_WARN_NON_LITERAL_NULL_CONVERSION = YES;
				CLANG_WARN_OBJC_IMPLICIT_RETAIN_SELF = YES;
				CLANG_WARN_OBJC_LITERAL_CONVERSION = YES;
				CLANG_WARN_OBJC_ROOT_CLASS = YES_ERROR;
				CLANG_WARN_QUOTED_INCLUDE_IN_FRAMEWORK_HEADER = YES;
				CLANG_WARN_RANGE_LOOP_ANALYSIS = YES;
				CLANG_WARN_STRICT_PROTOTYPES = YES;
				CLANG_WARN_SUSPICIOUS_MOVE = YES;
				CLANG_WARN_UNGUARDED_AVAILABILITY = YES_AGGRESSIVE;
				CLANG_WARN_UNREACHABLE_CODE = YES;
				CLANG_WARN__DUPLICATE_METHOD_MATCH = YES;
				COPY_PHASE_STRIP = NO;
				DEBUG_INFORMATION_FORMAT = dwarf;
				ENABLE_STRICT_OBJC_MSGSEND = YES;
				ENABLE_TESTABILITY = YES;
				ENABLE_USER_SCRIPT_SANDBOXING = YES;
				GCC_C_LANGUAGE_STANDARD = gnu17;
				GCC_DYNAMIC_NO_PIC = NO;
				GCC_NO_COMMON_BLOCKS = YES;
				GCC_OPTIMIZATION_LEVEL = 0;
				GCC_PREPROCESSOR_DEFINITIONS = (
					"DEBUG=1",
					"$(inherited)",
				);
				GCC_WARN_64_TO_32_BIT_CONVERSION = YES;
				GCC_WARN_ABOUT_RETURN_TYPE = YES_ERROR;
				GCC_WARN_UNDECLARED_SELECTOR = YES;
				GCC_WARN_UNINITIALIZED_AUTOS = YES_AGGRESSIVE;
				GCC_WARN_UNUSED_FUNCTION = YES;
				GCC_WARN_UNUSED_VARIABLE = YES;
				IPHONEOS_DEPLOYMENT_TARGET = 18.0;
				LOCALIZATION_PREFERS_STRING_CATALOGS = YES;
				MTL_ENABLE_DEBUG_INFO = INCLUDE_SOURCE;
				MTL_FAST_MATH = YES;
				ONLY_ACTIVE_ARCH = YES;
				SDKROOT = iphoneos;
				SWIFT_ACTIVE_COMPILATION_CONDITIONS = "DEBUG $(inherited)";
				SWIFT_OPTIMIZATION_LEVEL = "-Onone";
			};
			name = Debug;
		};
		FA924ABC2CAF8F5D008727A6 /* Release */ = {
			isa = XCBuildConfiguration;
			buildSettings = {
				ALWAYS_SEARCH_USER_PATHS = NO;
				ASSETCATALOG_COMPILER_GENERATE_SWIFT_ASSET_SYMBOL_EXTENSIONS = YES;
				CLANG_ANALYZER_NONNULL = YES;
				CLANG_ANALYZER_NUMBER_OBJECT_CONVERSION = YES_AGGRESSIVE;
				CLANG_CXX_LANGUAGE_STANDARD = "gnu++20";
				CLANG_ENABLE_MODULES = YES;
				CLANG_ENABLE_OBJC_ARC = YES;
				CLANG_ENABLE_OBJC_WEAK = YES;
				CLANG_WARN_BLOCK_CAPTURE_AUTORELEASING = YES;
				CLANG_WARN_BOOL_CONVERSION = YES;
				CLANG_WARN_COMMA = YES;
				CLANG_WARN_CONSTANT_CONVERSION = YES;
				CLANG_WARN_DEPRECATED_OBJC_IMPLEMENTATIONS = YES;
				CLANG_WARN_DIRECT_OBJC_ISA_USAGE = YES_ERROR;
				CLANG_WARN_DOCUMENTATION_COMMENTS = YES;
				CLANG_WARN_EMPTY_BODY = YES;
				CLANG_WARN_ENUM_CONVERSION = YES;
				CLANG_WARN_INFINITE_RECURSION = YES;
				CLANG_WARN_INT_CONVERSION = YES;
				CLANG_WARN_NON_LITERAL_NULL_CONVERSION = YES;
				CLANG_WARN_OBJC_IMPLICIT_RETAIN_SELF = YES;
				CLANG_WARN_OBJC_LITERAL_CONVERSION = YES;
				CLANG_WARN_OBJC_ROOT_CLASS = YES_ERROR;
				CLANG_WARN_QUOTED_INCLUDE_IN_FRAMEWORK_HEADER = YES;
				CLANG_WARN_RANGE_LOOP_ANALYSIS = YES;
				CLANG_WARN_STRICT_PROTOTYPES = YES;
				CLANG_WARN_SUSPICIOUS_MOVE = YES;
				CLANG_WARN_UNGUARDED_AVAILABILITY = YES_AGGRESSIVE;
				CLANG_WARN_UNREACHABLE_CODE = YES;
				CLANG_WARN__DUPLICATE_METHOD_MATCH = YES;
				COPY_PHASE_STRIP = NO;
				DEBUG_INFORMATION_FORMAT = "dwarf-with-dsym";
				ENABLE_NS_ASSERTIONS = NO;
				ENABLE_STRICT_OBJC_MSGSEND = YES;
				ENABLE_USER_SCRIPT_SANDBOXING = YES;
				GCC_C_LANGUAGE_STANDARD = gnu17;
				GCC_NO_COMMON_BLOCKS = YES;
				GCC_WARN_64_TO_32_BIT_CONVERSION = YES;
				GCC_WARN_ABOUT_RETURN_TYPE = YES_ERROR;
				GCC_WARN_UNDECLARED_SELECTOR = YES;
				GCC_WARN_UNINITIALIZED_AUTOS = YES_AGGRESSIVE;
				GCC_WARN_UNUSED_FUNCTION = YES;
				GCC_WARN_UNUSED_VARIABLE = YES;
				IPHONEOS_DEPLOYMENT_TARGET = 18.0;
				LOCALIZATION_PREFERS_STRING_CATALOGS = YES;
				MTL_ENABLE_DEBUG_INFO = NO;
				MTL_FAST_MATH = YES;
				SDKROOT = iphoneos;
				SWIFT_COMPILATION_MODE = wholemodule;
				VALIDATE_PRODUCT = YES;
			};
			name = Release;
		};
/* End XCBuildConfiguration section */

/* Begin XCConfigurationList section */
		FA924AA02CAF8F5B008727A6 /* Build configuration list for PBXProject "APIAppUAMExample" */ = {
			isa = XCConfigurationList;
			buildConfigurations = (
				FA924ABB2CAF8F5D008727A6 /* Debug */,
				FA924ABC2CAF8F5D008727A6 /* Release */,
			);
			defaultConfigurationIsVisible = 0;
			defaultConfigurationName = Release;
		};
		FA924AB82CAF8F5D008727A6 /* Build configuration list for PBXNativeTarget "APIAppUAMExample" */ = {
			isa = XCConfigurationList;
			buildConfigurations = (
				FA924AB92CAF8F5D008727A6 /* Debug */,
				FA924ABA2CAF8F5D008727A6 /* Release */,
			);
			defaultConfigurationIsVisible = 0;
			defaultConfigurationName = Release;
		};
/* End XCConfigurationList section */
	};
	rootObject = FA924A9D2CAF8F5B008727A6 /* Project object */;
}
